# This file was autogenerated by Stack.
# You should not edit this file by hand.
# For more information, please see the documentation at:
#   https://docs.haskellstack.org/en/stable/lock_files

packages:
- completed:
    hackage: Chart-cairo-1.9.1@sha256:85605a4663f319e482bbd208c1e44c3cc8e0ec094fcd41b6afa3db4ce60635b0,925
    pantry-tree:
      size: 238
      sha256: 832739931c5d84c3c7b357782dd75cda9548a496f0be21cd1163e2b5e14fd89c
  original:
    hackage: Chart-cairo-1.9.1@sha256:85605a4663f319e482bbd208c1e44c3cc8e0ec094fcd41b6afa3db4ce60635b0,925
- completed:
    hackage: cairo-0.13.8.0@sha256:9b64a376ebaa4f153bba5866a32291fd4bed48147009cce9158ce6533928eba8,4075
    pantry-tree:
      size: 2830
      sha256: 07aeb4b5eaa1d8201f67f4b8011aaf182ceb4e558066e59d482485fc02895994
  original:
    hackage: cairo-0.13.8.0@sha256:9b64a376ebaa4f153bba5866a32291fd4bed48147009cce9158ce6533928eba8,4075
- completed:
    hackage: gtk2hs-buildtools-0.13.8.0@sha256:132f38155fc677430a47ea750918973161c876fb6f281d342ac2f07eb99229ce,5238
    pantry-tree:
      size: 3588
      sha256: 4552e3c0f2ef0f16285c38898d7e2b6aeea67d4e37cd203b0c82f70592096c45
  original:
    hackage: gtk2hs-buildtools-0.13.8.0@sha256:132f38155fc677430a47ea750918973161c876fb6f281d342ac2f07eb99229ce,5238
- completed:
    hackage: memoize-0.8.1@sha256:2146197c639c126796d850cb4457b24cfeb6966d6d878825f855aafce31f8874,1601
    pantry-tree:
      size: 473
      sha256: 598188857937054d2cc4ac91aee580944d750e91120756507891d09e02056066
  original:
    hackage: memoize-0.8.1
- completed:
    hackage: music-dynamics-literal-1.9.0@sha256:2283b5cc4e67f3ef3561ff0da7f8b2fae87f407d7b620a8fcf3b75b6d0332fb1,1010
    pantry-tree:
      size: 237
      sha256: 906de68e15afe7cc37ce42701d1b86afab0690f29ae0d1a5e66f10dfde2a03b9
  original:
    hackage: music-dynamics-literal-1.9.0
- completed:
    hackage: music-pitch-literal-1.9.0@sha256:ce94f1e65bdbfc0d6ae6fee4b983a5681ba33ec17d49d4f53def4dc91665066d,1203
    pantry-tree:
      size: 520
      sha256: 4737a5cfc68305ad06c8be528d030b8e91fb2294bb5d730b8854c5fa775d45a4
  original:
    hackage: music-pitch-literal-1.9.0
- completed:
    hackage: lilypond-1.9.0@sha256:b4b51d77699e47ba3ced169cce76d3d5ebab937418de7feb7a2b921513f598d9,1477
    pantry-tree:
      size: 512
      sha256: 26a07e8467866fe3d6bb33f206dda294f184b1099542ce87b842f01bcec981e8
  original:
    hackage: lilypond-1.9.0
- completed:
    hackage: prettify-1.0@sha256:7105b5783f3d899311f6e392cfe8a230eabc7db98b77e7557b7d1335d91a5bc0,775
    pantry-tree:
      size: 212
      sha256: 4a0ede45d208df1cc66f219b0b7e5e1de61f9620bc549fef1bce6b24a0107e19
  original:
    hackage: prettify-1.0
snapshots:
- completed:
    size: 524154
    url: https://raw.githubusercontent.com/commercialhaskell/stackage-snapshots/master/lts/14/20.yaml
    sha256: 2f5099f69ddb6abfe64400fe1e6a604e8e628f55e6837211cd70a81eb0a8fa4d
  original: lts-14.20
